
Microsoft Visual Studio Solution File, Format Version 12.00
# Visual Studio Version 16
VisualStudioVersion = 25.0.1706.9
MinimumVisualStudioVersion = 10.0.40219.1
Project("{FAE04EC0-301F-11D3-BF4B-00C04F79EFBC}") = "MessageLength", "MessageLength\MessageLength.csproj", "{B354E594-7711-4DAC-B1D7-D1BBC5830A66}"
EndProject
Global
	GlobalSection(SolutionConfigurationPlatforms) = preSolution
		Debug|Any CPU = Debug|Any CPU
		Release|Any CPU = Release|Any CPU
	EndGlobalSection
	GlobalSection(ProjectConfigurationPlatforms) = postSolution
		{B354E594-7711-4DAC-B1D7-D1BBC5830A66}.Debug|Any CPU.ActiveCfg = Debug|Any CPU
		{B354E594-7711-4DAC-B1D7-D1BBC5830A66}.Debug|Any CPU.Build.0 = Debug|Any CPU
		{B354E594-7711-4DAC-B1D7-D1BBC5830A66}.Release|Any CPU.ActiveCfg = Release|Any CPU
		{B354E594-7711-4DAC-B1D7-D1BBC5830A66}.Release|Any CPU.Build.0 = Release|Any CPU
	EndGlobalSection
	GlobalSection(SolutionProperties) = preSolution
		HideSolutionNode = FALSE
	EndGlobalSection
	GlobalSection(ExtensibilityGlobals) = postSolution
		SolutionGuid = {B2B7185D-072E-4B35-B334-641AB9CAB524}
	EndGlobalSection
EndGlobal
